
Microsoft Visual Studio Solution File, Format Version 12.00
# Visual Studio 15
VisualStudioVersion = 15.0.26430.15
MinimumVisualStudioVersion = 10.0.40219.1
Project("{8BC9CEB8-8B4A-11D0-8D11-00A0C91BC942}") = "GamePlay", "GamePlay\GamePlay.vcxproj", "{EFF4BDB6-BC07-4048-87DF-AAB88BBA9D30}"
	ProjectSection(ProjectDependencies) = postProject
		{FEDF5421-4E58-4190-B25D-D0A959045488} = {FEDF5421-4E58-4190-B25D-D0A959045488}
		{0C63115C-18ED-4F02-BD7B-ABFD5A8B5074} = {0C63115C-18ED-4F02-BD7B-ABFD5A8B5074}
	EndProjectSection
EndProject
Project("{8BC9CEB8-8B4A-11D0-8D11-00A0C91BC942}") = "Engine", "Engine\Engine.vcxproj", "{FEDF5421-4E58-4190-B25D-D0A959045488}"
EndProject
Project("{8BC9CEB8-8B4A-11D0-8D11-00A0C91BC942}") = "Editor", "Editor\Editor.vcxproj", "{0C63115C-18ED-4F02-BD7B-ABFD5A8B5074}"
	ProjectSection(ProjectDependencies) = postProject
		{FEDF5421-4E58-4190-B25D-D0A959045488} = {FEDF5421-4E58-4190-B25D-D0A959045488}
	EndProjectSection
EndProject
Global
	GlobalSection(SolutionConfigurationPlatforms) = preSolution
		Debug_RD|x64 = Debug_RD|x64
		Debug_RD|x86 = Debug_RD|x86
		Debug|x64 = Debug|x64
		Debug|x86 = Debug|x86
		EditorDBG_RD|x64 = EditorDBG_RD|x64
		EditorDBG_RD|x86 = EditorDBG_RD|x86
		EditorDBG|x64 = EditorDBG|x64
		EditorDBG|x86 = EditorDBG|x86
		EditorRLS_RD|x64 = EditorRLS_RD|x64
		EditorRLS_RD|x86 = EditorRLS_RD|x86
		EditorRLS|x64 = EditorRLS|x64
		EditorRLS|x86 = EditorRLS|x86
		Release_RD|x64 = Release_RD|x64
		Release_RD|x86 = Release_RD|x86
		Release|x64 = Release|x64
		Release|x86 = Release|x86
	EndGlobalSection
	GlobalSection(ProjectConfigurationPlatforms) = postSolution
		{EFF4BDB6-BC07-4048-87DF-AAB88BBA9D30}.Debug_RD|x64.ActiveCfg = Debug_RD|x64
		{EFF4BDB6-BC07-4048-87DF-AAB88BBA9D30}.Debug_RD|x64.Build.0 = Debug_RD|x64
		{EFF4BDB6-BC07-4048-87DF-AAB88BBA9D30}.Debug_RD|x86.ActiveCfg = Debug_RD|Win32
		{EFF4BDB6-BC07-4048-87DF-AAB88BBA9D30}.Debug_RD|x86.Build.0 = Debug_RD|Win32
		{EFF4BDB6-BC07-4048-87DF-AAB88BBA9D30}.Debug|x64.ActiveCfg = Debug|x64
		{EFF4BDB6-BC07-4048-87DF-AAB88BBA9D30}.Debug|x64.Build.0 = Debug|x64
		{EFF4BDB6-BC07-4048-87DF-AAB88BBA9D30}.Debug|x86.ActiveCfg = Debug|Win32
		{EFF4BDB6-BC07-4048-87DF-AAB88BBA9D30}.Debug|x86.Build.0 = Debug|Win32
		{EFF4BDB6-BC07-4048-87DF-AAB88BBA9D30}.EditorDBG_RD|x64.ActiveCfg = EditorDBG_RD|x64
		{EFF4BDB6-BC07-4048-87DF-AAB88BBA9D30}.EditorDBG_RD|x64.Build.0 = EditorDBG_RD|x64
		{EFF4BDB6-BC07-4048-87DF-AAB88BBA9D30}.EditorDBG_RD|x86.ActiveCfg = EditorDBG_RD|Win32
		{EFF4BDB6-BC07-4048-87DF-AAB88BBA9D30}.EditorDBG_RD|x86.Build.0 = EditorDBG_RD|Win32
		{EFF4BDB6-BC07-4048-87DF-AAB88BBA9D30}.EditorDBG|x64.ActiveCfg = EditorDBG|x64
		{EFF4BDB6-BC07-4048-87DF-AAB88BBA9D30}.EditorDBG|x64.Build.0 = EditorDBG|x64
		{EFF4BDB6-BC07-4048-87DF-AAB88BBA9D30}.EditorDBG|x86.ActiveCfg = EditorDBG|Win32
		{EFF4BDB6-BC07-4048-87DF-AAB88BBA9D30}.EditorDBG|x86.Build.0 = EditorDBG|Win32
		{EFF4BDB6-BC07-4048-87DF-AAB88BBA9D30}.EditorRLS_RD|x64.ActiveCfg = EditorRLS_RD|x64
		{EFF4BDB6-BC07-4048-87DF-AAB88BBA9D30}.EditorRLS_RD|x64.Build.0 = EditorRLS_RD|x64
		{EFF4BDB6-BC07-4048-87DF-AAB88BBA9D30}.EditorRLS_RD|x86.ActiveCfg = EditorRLS_RD|Win32
		{EFF4BDB6-BC07-4048-87DF-AAB88BBA9D30}.EditorRLS_RD|x86.Build.0 = EditorRLS_RD|Win32
		{EFF4BDB6-BC07-4048-87DF-AAB88BBA9D30}.EditorRLS|x64.ActiveCfg = EditorRLS|x64
		{EFF4BDB6-BC07-4048-87DF-AAB88BBA9D30}.EditorRLS|x64.Build.0 = EditorRLS|x64
		{EFF4BDB6-BC07-4048-87DF-AAB88BBA9D30}.EditorRLS|x86.ActiveCfg = EditorRLS|Win32
		{EFF4BDB6-BC07-4048-87DF-AAB88BBA9D30}.EditorRLS|x86.Build.0 = EditorRLS|Win32
		{EFF4BDB6-BC07-4048-87DF-AAB88BBA9D30}.Release_RD|x64.ActiveCfg = Release_RD|x64
		{EFF4BDB6-BC07-4048-87DF-AAB88BBA9D30}.Release_RD|x64.Build.0 = Release_RD|x64
		{EFF4BDB6-BC07-4048-87DF-AAB88BBA9D30}.Release_RD|x86.ActiveCfg = Release_RD|Win32
		{EFF4BDB6-BC07-4048-87DF-AAB88BBA9D30}.Release_RD|x86.Build.0 = Release_RD|Win32
		{EFF4BDB6-BC07-4048-87DF-AAB88BBA9D30}.Release|x64.ActiveCfg = Release|x64
		{EFF4BDB6-BC07-4048-87DF-AAB88BBA9D30}.Release|x64.Build.0 = Release|x64
		{EFF4BDB6-BC07-4048-87DF-AAB88BBA9D30}.Release|x86.ActiveCfg = Release|Win32
		{EFF4BDB6-BC07-4048-87DF-AAB88BBA9D30}.Release|x86.Build.0 = Release|Win32
		{FEDF5421-4E58-4190-B25D-D0A959045488}.Debug_RD|x64.ActiveCfg = Debug_RD|x64
		{FEDF5421-4E58-4190-B25D-D0A959045488}.Debug_RD|x64.Build.0 = Debug_RD|x64
		{FEDF5421-4E58-4190-B25D-D0A959045488}.Debug_RD|x86.ActiveCfg = Debug_RD|Win32
		{FEDF5421-4E58-4190-B25D-D0A959045488}.Debug_RD|x86.Build.0 = Debug_RD|Win32
		{FEDF5421-4E58-4190-B25D-D0A959045488}.Debug|x64.ActiveCfg = Debug|x64
		{FEDF5421-4E58-4190-B25D-D0A959045488}.Debug|x64.Build.0 = Debug|x64
		{FEDF5421-4E58-4190-B25D-D0A959045488}.Debug|x86.ActiveCfg = Debug|Win32
		{FEDF5421-4E58-4190-B25D-D0A959045488}.Debug|x86.Build.0 = Debug|Win32
		{FEDF5421-4E58-4190-B25D-D0A959045488}.EditorDBG_RD|x64.ActiveCfg = EditorDBG_RD|x64
		{FEDF5421-4E58-4190-B25D-D0A959045488}.EditorDBG_RD|x64.Build.0 = EditorDBG_RD|x64
		{FEDF5421-4E58-4190-B25D-D0A959045488}.EditorDBG_RD|x86.ActiveCfg = EditorDBG_RD|Win32
		{FEDF5421-4E58-4190-B25D-D0A959045488}.EditorDBG_RD|x86.Build.0 = EditorDBG_RD|Win32
		{FEDF5421-4E58-4190-B25D-D0A959045488}.EditorDBG|x64.ActiveCfg = EditorDBG|x64
		{FEDF5421-4E58-4190-B25D-D0A959045488}.EditorDBG|x64.Build.0 = EditorDBG|x64
		{FEDF5421-4E58-4190-B25D-D0A959045488}.EditorDBG|x86.ActiveCfg = EditorDBG|Win32
		{FEDF5421-4E58-4190-B25D-D0A959045488}.EditorDBG|x86.Build.0 = EditorDBG|Win32
		{FEDF5421-4E58-4190-B25D-D0A959045488}.EditorRLS_RD|x64.ActiveCfg = EditorRLS_RD|x64
		{FEDF5421-4E58-4190-B25D-D0A959045488}.EditorRLS_RD|x64.Build.0 = EditorRLS_RD|x64
		{FEDF5421-4E58-4190-B25D-D0A959045488}.EditorRLS_RD|x86.ActiveCfg = EditorRLS_RD|Win32
		{FEDF5421-4E58-4190-B25D-D0A959045488}.EditorRLS_RD|x86.Build.0 = EditorRLS_RD|Win32
		{FEDF5421-4E58-4190-B25D-D0A959045488}.EditorRLS|x64.ActiveCfg = EditorRLS|x64
		{FEDF5421-4E58-4190-B25D-D0A959045488}.EditorRLS|x64.Build.0 = EditorRLS|x64
		{FEDF5421-4E58-4190-B25D-D0A959045488}.EditorRLS|x86.ActiveCfg = EditorRLS|Win32
		{FEDF5421-4E58-4190-B25D-D0A959045488}.EditorRLS|x86.Build.0 = EditorRLS|Win32
		{FEDF5421-4E58-4190-B25D-D0A959045488}.Release_RD|x64.ActiveCfg = Release_RD|x64
		{FEDF5421-4E58-4190-B25D-D0A959045488}.Release_RD|x64.Build.0 = Release_RD|x64
		{FEDF5421-4E58-4190-B25D-D0A959045488}.Release_RD|x86.ActiveCfg = Release_RD|Win32
		{FEDF5421-4E58-4190-B25D-D0A959045488}.Release_RD|x86.Build.0 = Release_RD|Win32
		{FEDF5421-4E58-4190-B25D-D0A959045488}.Release|x64.ActiveCfg = Release|x64
		{FEDF5421-4E58-4190-B25D-D0A959045488}.Release|x64.Build.0 = Release|x64
		{FEDF5421-4E58-4190-B25D-D0A959045488}.Release|x86.ActiveCfg = Release|Win32
		{FEDF5421-4E58-4190-B25D-D0A959045488}.Release|x86.Build.0 = Release|Win32
		{0C63115C-18ED-4F02-BD7B-ABFD5A8B5074}.Debug_RD|x64.ActiveCfg = Debug_RD|x64
		{0C63115C-18ED-4F02-BD7B-ABFD5A8B5074}.Debug_RD|x86.ActiveCfg = Debug_RD|Win32
		{0C63115C-18ED-4F02-BD7B-ABFD5A8B5074}.Debug|x64.ActiveCfg = Debug|x64
		{0C63115C-18ED-4F02-BD7B-ABFD5A8B5074}.Debug|x86.ActiveCfg = Debug|Win32
		{0C63115C-18ED-4F02-BD7B-ABFD5A8B5074}.Debug|x86.Build.0 = Debug|Win32
		{0C63115C-18ED-4F02-BD7B-ABFD5A8B5074}.EditorDBG_RD|x64.ActiveCfg = EditorDBG_RD|x64
		{0C63115C-18ED-4F02-BD7B-ABFD5A8B5074}.EditorDBG_RD|x64.Build.0 = EditorDBG_RD|x64
		{0C63115C-18ED-4F02-BD7B-ABFD5A8B5074}.EditorDBG_RD|x86.ActiveCfg = EditorDBG_RD|Win32
		{0C63115C-18ED-4F02-BD7B-ABFD5A8B5074}.EditorDBG_RD|x86.Build.0 = EditorDBG_RD|Win32
		{0C63115C-18ED-4F02-BD7B-ABFD5A8B5074}.EditorDBG|x64.ActiveCfg = EditorDBG|x64
		{0C63115C-18ED-4F02-BD7B-ABFD5A8B5074}.EditorDBG|x64.Build.0 = EditorDBG|x64
		{0C63115C-18ED-4F02-BD7B-ABFD5A8B5074}.EditorDBG|x86.ActiveCfg = EditorDBG|Win32
		{0C63115C-18ED-4F02-BD7B-ABFD5A8B5074}.EditorRLS_RD|x64.ActiveCfg = EditorRLS_RD|x64
		{0C63115C-18ED-4F02-BD7B-ABFD5A8B5074}.EditorRLS_RD|x64.Build.0 = EditorRLS_RD|x64
		{0C63115C-18ED-4F02-BD7B-ABFD5A8B5074}.EditorRLS_RD|x86.ActiveCfg = EditorRLS_RD|Win32
		{0C63115C-18ED-4F02-BD7B-ABFD5A8B5074}.EditorRLS_RD|x86.Build.0 = EditorRLS_RD|Win32
		{0C63115C-18ED-4F02-BD7B-ABFD5A8B5074}.EditorRLS|x64.ActiveCfg = EditorRLS|x64
		{0C63115C-18ED-4F02-BD7B-ABFD5A8B5074}.EditorRLS|x64.Build.0 = EditorRLS|x64
		{0C63115C-18ED-4F02-BD7B-ABFD5A8B5074}.EditorRLS|x86.ActiveCfg = EditorRLS|Win32
		{0C63115C-18ED-4F02-BD7B-ABFD5A8B5074}.Release_RD|x64.ActiveCfg = Release_RD|x64
		{0C63115C-18ED-4F02-BD7B-ABFD5A8B5074}.Release_RD|x86.ActiveCfg = Release_RD|Win32
		{0C63115C-18ED-4F02-BD7B-ABFD5A8B5074}.Release|x64.ActiveCfg = Release|x64
		{0C63115C-18ED-4F02-BD7B-ABFD5A8B5074}.Release|x86.ActiveCfg = Release|Win32
		{0C63115C-18ED-4F02-BD7B-ABFD5A8B5074}.Release|x86.Build.0 = Release|Win32
	EndGlobalSection
	GlobalSection(SolutionProperties) = preSolution
		HideSolutionNode = FALSE
	EndGlobalSection
	GlobalSection(ExtensibilityGlobals) = postSolution
		SolutionGuid = {192007B5-2E87-4FEA-8856-E86E4E9DD52F}
	EndGlobalSection
EndGlobal
